
Microsoft Visual Studio Solution File, Format Version 12.00
# Visual Studio 15
VisualStudioVersion = 15.0.28307.102
MinimumVisualStudioVersion = 10.0.40219.1
Project("{FAE04EC0-301F-11D3-BF4B-00C04F79EFBC}") = "WindowsFormsApp1", "WindowsFormsApp1\WindowsFormsApp1.csproj", "{60D86E59-03C8-4CE0-897E-9CC0443AAED9}"
EndProject
Project("{FAE04EC0-301F-11D3-BF4B-00C04F79EFBC}") = "UnitTestProject1", "UnitTestProject1\UnitTestProject1.csproj", "{8B2F2E0B-9815-4D42-8FE5-686B4E2A057E}"
EndProject
Global
	GlobalSection(SolutionConfigurationPlatforms) = preSolution
		Debug|Any CPU = Debug|Any CPU
		Release|Any CPU = Release|Any CPU
	EndGlobalSection
	GlobalSection(ProjectConfigurationPlatforms) = postSolution
		{60D86E59-03C8-4CE0-897E-9CC0443AAED9}.Debug|Any CPU.ActiveCfg = Debug|Any CPU
		{60D86E59-03C8-4CE0-897E-9CC0443AAED9}.Debug|Any CPU.Build.0 = Debug|Any CPU
		{60D86E59-03C8-4CE0-897E-9CC0443AAED9}.Release|Any CPU.ActiveCfg = Release|Any CPU
		{60D86E59-03C8-4CE0-897E-9CC0443AAED9}.Release|Any CPU.Build.0 = Release|Any CPU
		{8B2F2E0B-9815-4D42-8FE5-686B4E2A057E}.Debug|Any CPU.ActiveCfg = Debug|Any CPU
		{8B2F2E0B-9815-4D42-8FE5-686B4E2A057E}.Debug|Any CPU.Build.0 = Debug|Any CPU
		{8B2F2E0B-9815-4D42-8FE5-686B4E2A057E}.Release|Any CPU.ActiveCfg = Release|Any CPU
		{8B2F2E0B-9815-4D42-8FE5-686B4E2A057E}.Release|Any CPU.Build.0 = Release|Any CPU
	EndGlobalSection
	GlobalSection(SolutionProperties) = preSolution
		HideSolutionNode = FALSE
	EndGlobalSection
	GlobalSection(ExtensibilityGlobals) = postSolution
		SolutionGuid = {FBBB0383-05F7-48B9-B8A8-AEBAABA2BCBA}
	EndGlobalSection
EndGlobal
